// !$*UTF8*$!
{
	archiveVersion = 1;
	classes = {
	};
	objectVersion = 48;
	objects = {

/* Begin PBXBuildFile section */
		82E7A90E2079ECB90075C2CC /* AppDelegate.m in Sources */ = {isa = PBXBuildFile; fileRef = 82E7A90D2079ECB90075C2CC /* AppDelegate.m */; };
		82E7A9112079ECB90075C2CC /* ViewController.m in Sources */ = {isa = PBXBuildFile; fileRef = 82E7A9102079ECB90075C2CC /* ViewController.m */; };
		82E7A9142079ECB90075C2CC /* Main.storyboard in Resources */ = {isa = PBXBuildFile; fileRef = 82E7A9122079ECB90075C2CC /* Main.storyboard */; };
		82E7A9162079ECB90075C2CC /* Assets.xcassets in Resources */ = {isa = PBXBuildFile; fileRef = 82E7A9152079ECB90075C2CC /* Assets.xcassets */; };
		82E7A9192079ECB90075C2CC /* LaunchScreen.storyboard in Resources */ = {isa = PBXBuildFile; fileRef = 82E7A9172079ECB90075C2CC /* LaunchScreen.storyboard */; };
		82E7A91C2079ECB90075C2CC /* main.m in Sources */ = {isa = PBXBuildFile; fileRef = 82E7A91B2079ECB90075C2CC /* main.m */; };
		82E7A9262079ECB90075C2CC /* UITableView_AdaptionTests.m in Sources */ = {isa = PBXBuildFile; fileRef = 82E7A9252079ECB90075C2CC /* UITableView_AdaptionTests.m */; };
		82E7A9312079ECB90075C2CC /* UITableView_AdaptionUITests.m in Sources */ = {isa = PBXBuildFile; fileRef = 82E7A9302079ECB90075C2CC /* UITableView_AdaptionUITests.m */; };
		82E7A9502079EE640075C2CC /* NewsModel.m in Sources */ = {isa = PBXBuildFile; fileRef = 82E7A9412079EE640075C2CC /* NewsModel.m */; };
		82E7A9512079EE640075C2CC /* MineNewsViewController.m in Sources */ = {isa = PBXBuildFile; fileRef = 82E7A9442079EE640075C2CC /* MineNewsViewController.m */; };
		82E7A9522079EE640075C2CC /* ProblemDetailViewController.m in Sources */ = {isa = PBXBuildFile; fileRef = 82E7A9462079EE640075C2CC /* ProblemDetailViewController.m */; };
		82E7A9532079EE640075C2CC /* MineNewsTableViewCell.m in Sources */ = {isa = PBXBuildFile; fileRef = 82E7A94A2079EE640075C2CC /* MineNewsTableViewCell.m */; };
		82E7A9542079EE640075C2CC /* ProblemDetailHeadView.m in Sources */ = {isa = PBXBuildFile; fileRef = 82E7A94D2079EE640075C2CC /* ProblemDetailHeadView.m */; };
		82E7A9552079EE640075C2CC /* ProblemDetailTableViewCell.m in Sources */ = {isa = PBXBuildFile; fileRef = 82E7A94F2079EE640075C2CC /* ProblemDetailTableViewCell.m */; };
		82E7A9712079F03D0075C2CC /* MASCompositeConstraint.m in Sources */ = {isa = PBXBuildFile; fileRef = 82E7A9592079F03D0075C2CC /* MASCompositeConstraint.m */; };
		82E7A9722079F03D0075C2CC /* MASConstraint.m in Sources */ = {isa = PBXBuildFile; fileRef = 82E7A95C2079F03D0075C2CC /* MASConstraint.m */; };
		82E7A9732079F03D0075C2CC /* MASConstraintMaker.m in Sources */ = {isa = PBXBuildFile; fileRef = 82E7A95E2079F03D0075C2CC /* MASConstraintMaker.m */; };
		82E7A9742079F03D0075C2CC /* MASLayoutConstraint.m in Sources */ = {isa = PBXBuildFile; fileRef = 82E7A9602079F03D0075C2CC /* MASLayoutConstraint.m */; };
		82E7A9752079F03D0075C2CC /* MASViewAttribute.m in Sources */ = {isa = PBXBuildFile; fileRef = 82E7A9642079F03D0075C2CC /* MASViewAttribute.m */; };
		82E7A9762079F03D0075C2CC /* MASViewConstraint.m in Sources */ = {isa = PBXBuildFile; fileRef = 82E7A9662079F03D0075C2CC /* MASViewConstraint.m */; };
		82E7A9772079F03D0075C2CC /* NSArray+MASAdditions.m in Sources */ = {isa = PBXBuildFile; fileRef = 82E7A9682079F03D0075C2CC /* NSArray+MASAdditions.m */; };
		82E7A9782079F03D0075C2CC /* NSLayoutConstraint+MASDebugAdditions.m in Sources */ = {isa = PBXBuildFile; fileRef = 82E7A96B2079F03D0075C2CC /* NSLayoutConstraint+MASDebugAdditions.m */; };
		82E7A9792079F03D0075C2CC /* View+MASAdditions.m in Sources */ = {isa = PBXBuildFile; fileRef = 82E7A96D2079F03D0075C2CC /* View+MASAdditions.m */; };
		82E7A97A2079F03D0075C2CC /* ViewController+MASAdditions.m in Sources */ = {isa = PBXBuildFile; fileRef = 82E7A9702079F03D0075C2CC /* ViewController+MASAdditions.m */; };
		82E7A9802079F0DB0075C2CC /* ProblemDetailModel.m in Sources */ = {isa = PBXBuildFile; fileRef = 82E7A97D2079F0DB0075C2CC /* ProblemDetailModel.m */; };
/* End PBXBuildFile section */

/* Begin PBXContainerItemProxy section */
		82E7A9222079ECB90075C2CC /* PBXContainerItemProxy */ = {
			isa = PBXContainerItemProxy;
			containerPortal = 82E7A9012079ECB80075C2CC /* Project object */;
			proxyType = 1;
			remoteGlobalIDString = 82E7A9082079ECB90075C2CC;
			remoteInfo = "UITableView-Adaption";
		};
		82E7A92D2079ECB90075C2CC /* PBXContainerItemProxy */ = {
			isa = PBXContainerItemProxy;
			containerPortal = 82E7A9012079ECB80075C2CC /* Project object */;
			proxyType = 1;
			remoteGlobalIDString = 82E7A9082079ECB90075C2CC;
			remoteInfo = "UITableView-Adaption";
		};
/* End PBXContainerItemProxy section */

/* Begin PBXFileReference section */
		82E7A9092079ECB90075C2CC /* UITableView-Adaption.app */ = {isa = PBXFileReference; explicitFileType = wrapper.application; includeInIndex = 0; path = "UITableView-Adaption.app"; sourceTree = BUILT_PRODUCTS_DIR; };
		82E7A90C2079ECB90075C2CC /* AppDelegate.h */ = {isa = PBXFileReference; lastKnownFileType = sourcecode.c.h; path = AppDelegate.h; sourceTree = "<group>"; };
		82E7A90D2079ECB90075C2CC /* AppDelegate.m */ = {isa = PBXFileReference; lastKnownFileType = sourcecode.c.objc; path = AppDelegate.m; sourceTree = "<group>"; };
		82E7A90F2079ECB90075C2CC /* ViewController.h */ = {isa = PBXFileReference; lastKnownFileType = sourcecode.c.h; path = ViewController.h; sourceTree = "<group>"; };
		82E7A9102079ECB90075C2CC /* ViewController.m */ = {isa = PBXFileReference; lastKnownFileType = sourcecode.c.objc; path = ViewController.m; sourceTree = "<group>"; };
		82E7A9132079ECB90075C2CC /* Base */ = {isa = PBXFileReference; lastKnownFileType = file.storyboard; name = Base; path = Base.lproj/Main.storyboard; sourceTree = "<group>"; };
		82E7A9152079ECB90075C2CC /* Assets.xcassets */ = {isa = PBXFileReference; lastKnownFileType = folder.assetcatalog; path = Assets.xcassets; sourceTree = "<group>"; };
		82E7A9182079ECB90075C2CC /* Base */ = {isa = PBXFileReference; lastKnownFileType = file.storyboard; name = Base; path = Base.lproj/LaunchScreen.storyboard; sourceTree = "<group>"; };
		82E7A91A2079ECB90075C2CC /* Info.plist */ = {isa = PBXFileReference; lastKnownFileType = text.plist.xml; path = Info.plist; sourceTree = "<group>"; };
		82E7A91B2079ECB90075C2CC /* main.m */ = {isa = PBXFileReference; lastKnownFileType = sourcecode.c.objc; path = main.m; sourceTree = "<group>"; };
		82E7A9212079ECB90075C2CC /* UITableView-AdaptionTests.xctest */ = {isa = PBXFileReference; explicitFileType = wrapper.cfbundle; includeInIndex = 0; path = "UITableView-AdaptionTests.xctest"; sourceTree = BUILT_PRODUCTS_DIR; };
		82E7A9252079ECB90075C2CC /* UITableView_AdaptionTests.m */ = {isa = PBXFileReference; lastKnownFileType = sourcecode.c.objc; path = UITableView_AdaptionTests.m; sourceTree = "<group>"; };
		82E7A9272079ECB90075C2CC /* Info.plist */ = {isa = PBXFileReference; lastKnownFileType = text.plist.xml; path = Info.plist; sourceTree = "<group>"; };
		82E7A92C2079ECB90075C2CC /* UITableView-AdaptionUITests.xctest */ = {isa = PBXFileReference; explicitFileType = wrapper.cfbundle; includeInIndex = 0; path = "UITableView-AdaptionUITests.xctest"; sourceTree = BUILT_PRODUCTS_DIR; };
		82E7A9302079ECB90075C2CC /* UITableView_AdaptionUITests.m */ = {isa = PBXFileReference; lastKnownFileType = sourcecode.c.objc; path = UITableView_AdaptionUITests.m; sourceTree = "<group>"; };
		82E7A9322079ECB90075C2CC /* Info.plist */ = {isa = PBXFileReference; lastKnownFileType = text.plist.xml; path = Info.plist; sourceTree = "<group>"; };
		82E7A9402079EE640075C2CC /* NewsModel.h */ = {isa = PBXFileReference; fileEncoding = 4; lastKnownFileType = sourcecode.c.h; path = NewsModel.h; sourceTree = "<group>"; };
		82E7A9412079EE640075C2CC /* NewsModel.m */ = {isa = PBXFileReference; fileEncoding = 4; lastKnownFileType = sourcecode.c.objc; path = NewsModel.m; sourceTree = "<group>"; };
		82E7A9432079EE640075C2CC /* MineNewsViewController.h */ = {isa = PBXFileReference; fileEncoding = 4; lastKnownFileType = sourcecode.c.h; path = MineNewsViewController.h; sourceTree = "<group>"; };
		82E7A9442079EE640075C2CC /* MineNewsViewController.m */ = {isa = PBXFileReference; fileEncoding = 4; lastKnownFileType = sourcecode.c.objc; path = MineNewsViewController.m; sourceTree = "<group>"; };
		82E7A9452079EE640075C2CC /* ProblemDetailViewController.h */ = {isa = PBXFileReference; fileEncoding = 4; lastKnownFileType = sourcecode.c.h; path = ProblemDetailViewController.h; sourceTree = "<group>"; };
		82E7A9462079EE640075C2CC /* ProblemDetailViewController.m */ = {isa = PBXFileReference; fileEncoding = 4; lastKnownFileType = sourcecode.c.objc; path = ProblemDetailViewController.m; sourceTree = "<group>"; };
		82E7A9492079EE640075C2CC /* MineNewsTableViewCell.h */ = {isa = PBXFileReference; fileEncoding = 4; lastKnownFileType = sourcecode.c.h; path = MineNewsTableViewCell.h; sourceTree = "<group>"; };
		82E7A94A2079EE640075C2CC /* MineNewsTableViewCell.m */ = {isa = PBXFileReference; fileEncoding = 4; lastKnownFileType = sourcecode.c.objc; path = MineNewsTableViewCell.m; sourceTree = "<group>"; };
		82E7A94C2079EE640075C2CC /* ProblemDetailHeadView.h */ = {isa = PBXFileReference; fileEncoding = 4; lastKnownFileType = sourcecode.c.h; path = ProblemDetailHeadView.h; sourceTree = "<group>"; };
		82E7A94D2079EE640075C2CC /* ProblemDetailHeadView.m */ = {isa = PBXFileReference; fileEncoding = 4; lastKnownFileType = sourcecode.c.objc; path = ProblemDetailHeadView.m; sourceTree = "<group>"; };
		82E7A94E2079EE640075C2CC /* ProblemDetailTableViewCell.h */ = {isa = PBXFileReference; fileEncoding = 4; lastKnownFileType = sourcecode.c.h; path = ProblemDetailTableViewCell.h; sourceTree = "<group>"; };
		82E7A94F2079EE640075C2CC /* ProblemDetailTableViewCell.m */ = {isa = PBXFileReference; fileEncoding = 4; lastKnownFileType = sourcecode.c.objc; path = ProblemDetailTableViewCell.m; sourceTree = "<group>"; };
		82E7A9562079EF8D0075C2CC /* AppConfig.h */ = {isa = PBXFileReference; fileEncoding = 4; lastKnownFileType = sourcecode.c.h; path = AppConfig.h; sourceTree = "<group>"; };
		82E7A9582079F03D0075C2CC /* MASCompositeConstraint.h */ = {isa = PBXFileReference; fileEncoding = 4; lastKnownFileType = sourcecode.c.h; path = MASCompositeConstraint.h; sourceTree = "<group>"; };
		82E7A9592079F03D0075C2CC /* MASCompositeConstraint.m */ = {isa = PBXFileReference; fileEncoding = 4; lastKnownFileType = sourcecode.c.objc; path = MASCompositeConstraint.m; sourceTree = "<group>"; };
		82E7A95A2079F03D0075C2CC /* MASConstraint+Private.h */ = {isa = PBXFileReference; fileEncoding = 4; lastKnownFileType = sourcecode.c.h; path = "MASConstraint+Private.h"; sourceTree = "<group>"; };
		82E7A95B2079F03D0075C2CC /* MASConstraint.h */ = {isa = PBXFileReference; fileEncoding = 4; lastKnownFileType = sourcecode.c.h; path = MASConstraint.h; sourceTree = "<group>"; };
		82E7A95C2079F03D0075C2CC /* MASConstraint.m */ = {isa = PBXFileReference; fileEncoding = 4; lastKnownFileType = sourcecode.c.objc; path = MASConstraint.m; sourceTree = "<group>"; };
		82E7A95D2079F03D0075C2CC /* MASConstraintMaker.h */ = {isa = PBXFileReference; fileEncoding = 4; lastKnownFileType = sourcecode.c.h; path = MASConstraintMaker.h; sourceTree = "<group>"; };
		82E7A95E2079F03D0075C2CC /* MASConstraintMaker.m */ = {isa = PBXFileReference; fileEncoding = 4; lastKnownFileType = sourcecode.c.objc; path = MASConstraintMaker.m; sourceTree = "<group>"; };
		82E7A95F2079F03D0075C2CC /* MASLayoutConstraint.h */ = {isa = PBXFileReference; fileEncoding = 4; lastKnownFileType = sourcecode.c.h; path = MASLayoutConstraint.h; sourceTree = "<group>"; };
		82E7A9602079F03D0075C2CC /* MASLayoutConstraint.m */ = {isa = PBXFileReference; fileEncoding = 4; lastKnownFileType = sourcecode.c.objc; path = MASLayoutConstraint.m; sourceTree = "<group>"; };
		82E7A9612079F03D0075C2CC /* Masonry.h */ = {isa = PBXFileReference; fileEncoding = 4; lastKnownFileType = sourcecode.c.h; path = Masonry.h; sourceTree = "<group>"; };
		82E7A9622079F03D0075C2CC /* MASUtilities.h */ = {isa = PBXFileReference; fileEncoding = 4; lastKnownFileType = sourcecode.c.h; path = MASUtilities.h; sourceTree = "<group>"; };
		82E7A9632079F03D0075C2CC /* MASViewAttribute.h */ = {isa = PBXFileReference; fileEncoding = 4; lastKnownFileType = sourcecode.c.h; path = MASViewAttribute.h; sourceTree = "<group>"; };
		82E7A9642079F03D0075C2CC /* MASViewAttribute.m */ = {isa = PBXFileReference; fileEncoding = 4; lastKnownFileType = sourcecode.c.objc; path = MASViewAttribute.m; sourceTree = "<group>"; };
		82E7A9652079F03D0075C2CC /* MASViewConstraint.h */ = {isa = PBXFileReference; fileEncoding = 4; lastKnownFileType = sourcecode.c.h; path = MASViewConstraint.h; sourceTree = "<group>"; };
		82E7A9662079F03D0075C2CC /* MASViewConstraint.m */ = {isa = PBXFileReference; fileEncoding = 4; lastKnownFileType = sourcecode.c.objc; path = MASViewConstraint.m; sourceTree = "<group>"; };
		82E7A9672079F03D0075C2CC /* NSArray+MASAdditions.h */ = {isa = PBXFileReference; fileEncoding = 4; lastKnownFileType = sourcecode.c.h; path = "NSArray+MASAdditions.h"; sourceTree = "<group>"; };
		82E7A9682079F03D0075C2CC /* NSArray+MASAdditions.m */ = {isa = PBXFileReference; fileEncoding = 4; lastKnownFileType = sourcecode.c.objc; path = "NSArray+MASAdditions.m"; sourceTree = "<group>"; };
		82E7A9692079F03D0075C2CC /* NSArray+MASShorthandAdditions.h */ = {isa = PBXFileReference; fileEncoding = 4; lastKnownFileType = sourcecode.c.h; path = "NSArray+MASShorthandAdditions.h"; sourceTree = "<group>"; };
		82E7A96A2079F03D0075C2CC /* NSLayoutConstraint+MASDebugAdditions.h */ = {isa = PBXFileReference; fileEncoding = 4; lastKnownFileType = sourcecode.c.h; path = "NSLayoutConstraint+MASDebugAdditions.h"; sourceTree = "<group>"; };
		82E7A96B2079F03D0075C2CC /* NSLayoutConstraint+MASDebugAdditions.m */ = {isa = PBXFileReference; fileEncoding = 4; lastKnownFileType = sourcecode.c.objc; path = "NSLayoutConstraint+MASDebugAdditions.m"; sourceTree = "<group>"; };
		82E7A96C2079F03D0075C2CC /* View+MASAdditions.h */ = {isa = PBXFileReference; fileEncoding = 4; lastKnownFileType = sourcecode.c.h; path = "View+MASAdditions.h"; sourceTree = "<group>"; };
		82E7A96D2079F03D0075C2CC /* View+MASAdditions.m */ = {isa = PBXFileReference; fileEncoding = 4; lastKnownFileType = sourcecode.c.objc; path = "View+MASAdditions.m"; sourceTree = "<group>"; };
		82E7A96E2079F03D0075C2CC /* View+MASShorthandAdditions.h */ = {isa = PBXFileReference; fileEncoding = 4; lastKnownFileType = sourcecode.c.h; path = "View+MASShorthandAdditions.h"; sourceTree = "<group>"; };
		82E7A96F2079F03D0075C2CC /* ViewController+MASAdditions.h */ = {isa = PBXFileReference; fileEncoding = 4; lastKnownFileType = sourcecode.c.h; path = "ViewController+MASAdditions.h"; sourceTree = "<group>"; };
		82E7A9702079F03D0075C2CC /* ViewController+MASAdditions.m */ = {isa = PBXFileReference; fileEncoding = 4; lastKnownFileType = sourcecode.c.objc; path = "ViewController+MASAdditions.m"; sourceTree = "<group>"; };
		82E7A97C2079F0DB0075C2CC /* ProblemDetailModel.h */ = {isa = PBXFileReference; fileEncoding = 4; lastKnownFileType = sourcecode.c.h; path = ProblemDetailModel.h; sourceTree = "<group>"; };
		82E7A97D2079F0DB0075C2CC /* ProblemDetailModel.m */ = {isa = PBXFileReference; fileEncoding = 4; lastKnownFileType = sourcecode.c.objc; path = ProblemDetailModel.m; sourceTree = "<group>"; };
/* End PBXFileReference section */

/* Begin PBXFrameworksBuildPhase section */
		82E7A9062079ECB90075C2CC /* Frameworks */ = {
			isa = PBXFrameworksBuildPhase;
			buildActionMask = 2147483647;
			files = (
			);
			runOnlyForDeploymentPostprocessing = 0;
		};
		82E7A91E2079ECB90075C2CC /* Frameworks */ = {
			isa = PBXFrameworksBuildPhase;
			buildActionMask = 2147483647;
			files = (
			);
			runOnlyForDeploymentPostprocessing = 0;
		};
		82E7A9292079ECB90075C2CC /* Frameworks */ = {
			isa = PBXFrameworksBuildPhase;
			buildActionMask = 2147483647;
			files = (
			);
			runOnlyForDeploymentPostprocessing = 0;
		};
/* End PBXFrameworksBuildPhase section */

/* Begin PBXGroup section */
		82E7A9002079ECB80075C2CC = {
			isa = PBXGroup;
			children = (
				82E7A90B2079ECB90075C2CC /* UITableView-Adaption */,
				82E7A9242079ECB90075C2CC /* UITableView-AdaptionTests */,
				82E7A92F2079ECB90075C2CC /* UITableView-AdaptionUITests */,
				82E7A90A2079ECB90075C2CC /* Products */,
			);
			sourceTree = "<group>";
		};
		82E7A90A2079ECB90075C2CC /* Products */ = {
			isa = PBXGroup;
			children = (
				82E7A9092079ECB90075C2CC /* UITableView-Adaption.app */,
				82E7A9212079ECB90075C2CC /* UITableView-AdaptionTests.xctest */,
				82E7A92C2079ECB90075C2CC /* UITableView-AdaptionUITests.xctest */,
			);
			name = Products;
			sourceTree = "<group>";
		};
		82E7A90B2079ECB90075C2CC /* UITableView-Adaption */ = {
			isa = PBXGroup;
			children = (
				82E7A90C2079ECB90075C2CC /* AppDelegate.h */,
				82E7A90D2079ECB90075C2CC /* AppDelegate.m */,
				82E7A90F2079ECB90075C2CC /* ViewController.h */,
				82E7A9102079ECB90075C2CC /* ViewController.m */,
				82E7A9562079EF8D0075C2CC /* AppConfig.h */,
				82E7A9572079F03D0075C2CC /* Masonry */,
				82E7A9422079EE640075C2CC /* Controller */,
				82E7A93E2079EE640075C2CC /* Model */,
				82E7A9472079EE640075C2CC /* View */,
				82E7A9122079ECB90075C2CC /* Main.storyboard */,
				82E7A9152079ECB90075C2CC /* Assets.xcassets */,
				82E7A9172079ECB90075C2CC /* LaunchScreen.storyboard */,
				82E7A91A2079ECB90075C2CC /* Info.plist */,
				82E7A91B2079ECB90075C2CC /* main.m */,
			);
			path = "UITableView-Adaption";
			sourceTree = "<group>";
		};
		82E7A9242079ECB90075C2CC /* UITableView-AdaptionTests */ = {
			isa = PBXGroup;
			children = (
				82E7A9252079ECB90075C2CC /* UITableView_AdaptionTests.m */,
				82E7A9272079ECB90075C2CC /* Info.plist */,
			);
			path = "UITableView-AdaptionTests";
			sourceTree = "<group>";
		};
		82E7A92F2079ECB90075C2CC /* UITableView-AdaptionUITests */ = {
			isa = PBXGroup;
			children = (
				82E7A9302079ECB90075C2CC /* UITableView_AdaptionUITests.m */,
				82E7A9322079ECB90075C2CC /* Info.plist */,
			);
			path = "UITableView-AdaptionUITests";
			sourceTree = "<group>";
		};
		82E7A93E2079EE640075C2CC /* Model */ = {
			isa = PBXGroup;
			children = (
				82E7A97B2079F0DB0075C2CC /* problemDetailModel */,
				82E7A93F2079EE640075C2CC /* newsModel */,
			);
			path = Model;
			sourceTree = "<group>";
		};
		82E7A93F2079EE640075C2CC /* newsModel */ = {
			isa = PBXGroup;
			children = (
				82E7A9402079EE640075C2CC /* NewsModel.h */,
				82E7A9412079EE640075C2CC /* NewsModel.m */,
			);
			path = newsModel;
			sourceTree = "<group>";
		};
		82E7A9422079EE640075C2CC /* Controller */ = {
			isa = PBXGroup;
			children = (
				82E7A9432079EE640075C2CC /* MineNewsViewController.h */,
				82E7A9442079EE640075C2CC /* MineNewsViewController.m */,
				82E7A9452079EE640075C2CC /* ProblemDetailViewController.h */,
				82E7A9462079EE640075C2CC /* ProblemDetailViewController.m */,
			);
			path = Controller;
			sourceTree = "<group>";
		};
		82E7A9472079EE640075C2CC /* View */ = {
			isa = PBXGroup;
			children = (
				82E7A9482079EE640075C2CC /* news */,
				82E7A94B2079EE640075C2CC /* problemDetailCell */,
			);
			path = View;
			sourceTree = "<group>";
		};
		82E7A9482079EE640075C2CC /* news */ = {
			isa = PBXGroup;
			children = (
				82E7A9492079EE640075C2CC /* MineNewsTableViewCell.h */,
				82E7A94A2079EE640075C2CC /* MineNewsTableViewCell.m */,
			);
			path = news;
			sourceTree = "<group>";
		};
		82E7A94B2079EE640075C2CC /* problemDetailCell */ = {
			isa = PBXGroup;
			children = (
				82E7A94C2079EE640075C2CC /* ProblemDetailHeadView.h */,
				82E7A94D2079EE640075C2CC /* ProblemDetailHeadView.m */,
				82E7A94E2079EE640075C2CC /* ProblemDetailTableViewCell.h */,
				82E7A94F2079EE640075C2CC /* ProblemDetailTableViewCell.m */,
			);
			path = problemDetailCell;
			sourceTree = "<group>";
		};
		82E7A9572079F03D0075C2CC /* Masonry */ = {
			isa = PBXGroup;
			children = (
				82E7A9582079F03D0075C2CC /* MASCompositeConstraint.h */,
				82E7A9592079F03D0075C2CC /* MASCompositeConstraint.m */,
				82E7A95A2079F03D0075C2CC /* MASConstraint+Private.h */,
				82E7A95B2079F03D0075C2CC /* MASConstraint.h */,
				82E7A95C2079F03D0075C2CC /* MASConstraint.m */,
				82E7A95D2079F03D0075C2CC /* MASConstraintMaker.h */,
				82E7A95E2079F03D0075C2CC /* MASConstraintMaker.m */,
				82E7A95F2079F03D0075C2CC /* MASLayoutConstraint.h */,
				82E7A9602079F03D0075C2CC /* MASLayoutConstraint.m */,
				82E7A9612079F03D0075C2CC /* Masonry.h */,
				82E7A9622079F03D0075C2CC /* MASUtilities.h */,
				82E7A9632079F03D0075C2CC /* MASViewAttribute.h */,
				82E7A9642079F03D0075C2CC /* MASViewAttribute.m */,
				82E7A9652079F03D0075C2CC /* MASViewConstraint.h */,
				82E7A9662079F03D0075C2CC /* MASViewConstraint.m */,
				82E7A9672079F03D0075C2CC /* NSArray+MASAdditions.h */,
				82E7A9682079F03D0075C2CC /* NSArray+MASAdditions.m */,
				82E7A9692079F03D0075C2CC /* NSArray+MASShorthandAdditions.h */,
				82E7A96A2079F03D0075C2CC /* NSLayoutConstraint+MASDebugAdditions.h */,
				82E7A96B2079F03D0075C2CC /* NSLayoutConstraint+MASDebugAdditions.m */,
				82E7A96C2079F03D0075C2CC /* View+MASAdditions.h */,
				82E7A96D2079F03D0075C2CC /* View+MASAdditions.m */,
				82E7A96E2079F03D0075C2CC /* View+MASShorthandAdditions.h */,
				82E7A96F2079F03D0075C2CC /* ViewController+MASAdditions.h */,
				82E7A9702079F03D0075C2CC /* ViewController+MASAdditions.m */,
			);
			path = Masonry;
			sourceTree = "<group>";
		};
		82E7A97B2079F0DB0075C2CC /* problemDetailModel */ = {
			isa = PBXGroup;
			children = (
				82E7A97C2079F0DB0075C2CC /* ProblemDetailModel.h */,
				82E7A97D2079F0DB0075C2CC /* ProblemDetailModel.m */,
			);
			path = problemDetailModel;
			sourceTree = "<group>";
		};
/* End PBXGroup section */

/* Begin PBXNativeTarget section */
		82E7A9082079ECB90075C2CC /* UITableView-Adaption */ = {
			isa = PBXNativeTarget;
			buildConfigurationList = 82E7A9352079ECB90075C2CC /* Build configuration list for PBXNativeTarget "UITableView-Adaption" */;
			buildPhases = (
				82E7A9052079ECB90075C2CC /* Sources */,
				82E7A9062079ECB90075C2CC /* Frameworks */,
				82E7A9072079ECB90075C2CC /* Resources */,
			);
			buildRules = (
			);
			dependencies = (
			);
			name = "UITableView-Adaption";
			productName = "UITableView-Adaption";
			productReference = 82E7A9092079ECB90075C2CC /* UITableView-Adaption.app */;
			productType = "com.apple.product-type.application";
		};
		82E7A9202079ECB90075C2CC /* UITableView-AdaptionTests */ = {
			isa = PBXNativeTarget;
			buildConfigurationList = 82E7A9382079ECB90075C2CC /* Build configuration list for PBXNativeTarget "UITableView-AdaptionTests" */;
			buildPhases = (
				82E7A91D2079ECB90075C2CC /* Sources */,
				82E7A91E2079ECB90075C2CC /* Frameworks */,
				82E7A91F2079ECB90075C2CC /* Resources */,
			);
			buildRules = (
			);
			dependencies = (
				82E7A9232079ECB90075C2CC /* PBXTargetDependency */,
			);
			name = "UITableView-AdaptionTests";
			productName = "UITableView-AdaptionTests";
			productReference = 82E7A9212079ECB90075C2CC /* UITableView-AdaptionTests.xctest */;
			productType = "com.apple.product-type.bundle.unit-test";
		};
		82E7A92B2079ECB90075C2CC /* UITableView-AdaptionUITests */ = {
			isa = PBXNativeTarget;
			buildConfigurationList = 82E7A93B2079ECB90075C2CC /* Build configuration list for PBXNativeTarget "UITableView-AdaptionUITests" */;
			buildPhases = (
				82E7A9282079ECB90075C2CC /* Sources */,
				82E7A9292079ECB90075C2CC /* Frameworks */,
				82E7A92A2079ECB90075C2CC /* Resources */,
			);
			buildRules = (
			);
			dependencies = (
				82E7A92E2079ECB90075C2CC /* PBXTargetDependency */,
			);
			name = "UITableView-AdaptionUITests";
			productName = "UITableView-AdaptionUITests";
			productReference = 82E7A92C2079ECB90075C2CC /* UITableView-AdaptionUITests.xctest */;
			productType = "com.apple.product-type.bundle.ui-testing";
		};
/* End PBXNativeTarget section */

/* Begin PBXProject section */
		82E7A9012079ECB80075C2CC /* Project object */ = {
			isa = PBXProject;
			attributes = {
				LastUpgradeCheck = 0920;
				ORGANIZATIONNAME = Cai;
				TargetAttributes = {
					82E7A9082079ECB90075C2CC = {
						CreatedOnToolsVersion = 9.2;
						ProvisioningStyle = Automatic;
					};
					82E7A9202079ECB90075C2CC = {
						CreatedOnToolsVersion = 9.2;
						ProvisioningStyle = Automatic;
						TestTargetID = 82E7A9082079ECB90075C2CC;
					};
					82E7A92B2079ECB90075C2CC = {
						CreatedOnToolsVersion = 9.2;
						ProvisioningStyle = Automatic;
						TestTargetID = 82E7A9082079ECB90075C2CC;
					};
				};
			};
			buildConfigurationList = 82E7A9042079ECB80075C2CC /* Build configuration list for PBXProject "UITableView-Adaption" */;
			compatibilityVersion = "Xcode 8.0";
			developmentRegion = en;
			hasScannedForEncodings = 0;
			knownRegions = (
				en,
				Base,
			);
			mainGroup = 82E7A9002079ECB80075C2CC;
			productRefGroup = 82E7A90A2079ECB90075C2CC /* Products */;
			projectDirPath = "";
			projectRoot = "";
			targets = (
				82E7A9082079ECB90075C2CC /* UITableView-Adaption */,
				82E7A9202079ECB90075C2CC /* UITableView-AdaptionTests */,
				82E7A92B2079ECB90075C2CC /* UITableView-AdaptionUITests */,
			);
		};
/* End PBXProject section */

/* Begin PBXResourcesBuildPhase section */
		82E7A9072079ECB90075C2CC /* Resources */ = {
			isa = PBXResourcesBuildPhase;
			buildActionMask = 2147483647;
			files = (
				82E7A9192079ECB90075C2CC /* LaunchScreen.storyboard in Resources */,
				82E7A9162079ECB90075C2CC /* Assets.xcassets in Resources */,
				82E7A9142079ECB90075C2CC /* Main.storyboard in Resources */,
			);
			runOnlyForDeploymentPostprocessing = 0;
		};
		82E7A91F2079ECB90075C2CC /* Resources */ = {
			isa = PBXResourcesBuildPhase;
			buildActionMask = 2147483647;
			files = (
			);
			runOnlyForDeploymentPostprocessing = 0;
		};
		82E7A92A2079ECB90075C2CC /* Resources */ = {
			isa = PBXResourcesBuildPhase;
			buildActionMask = 2147483647;
			files = (
			);
			runOnlyForDeploymentPostprocessing = 0;
		};
/* End PBXResourcesBuildPhase section */

/* Begin PBXSourcesBuildPhase section */
		82E7A9052079ECB90075C2CC /* Sources */ = {
			isa = PBXSourcesBuildPhase;
			buildActionMask = 2147483647;
			files = (
				82E7A9802079F0DB0075C2CC /* ProblemDetailModel.m in Sources */,
				82E7A9762079F03D0075C2CC /* MASViewConstraint.m in Sources */,
				82E7A9512079EE640075C2CC /* MineNewsViewController.m in Sources */,
				82E7A9752079F03D0075C2CC /* MASViewAttribute.m in Sources */,
				82E7A9502079EE640075C2CC /* NewsModel.m in Sources */,
				82E7A9112079ECB90075C2CC /* ViewController.m in Sources */,
				82E7A9542079EE640075C2CC /* ProblemDetailHeadView.m in Sources */,
				82E7A9712079F03D0075C2CC /* MASCompositeConstraint.m in Sources */,
				82E7A9732079F03D0075C2CC /* MASConstraintMaker.m in Sources */,
				82E7A9792079F03D0075C2CC /* View+MASAdditions.m in Sources */,
				82E7A9742079F03D0075C2CC /* MASLayoutConstraint.m in Sources */,
				82E7A97A2079F03D0075C2CC /* ViewController+MASAdditions.m in Sources */,
				82E7A9722079F03D0075C2CC /* MASConstraint.m in Sources */,
				82E7A9532079EE640075C2CC /* MineNewsTableViewCell.m in Sources */,
				82E7A9522079EE640075C2CC /* ProblemDetailViewController.m in Sources */,
				82E7A9772079F03D0075C2CC /* NSArray+MASAdditions.m in Sources */,
				82E7A9782079F03D0075C2CC /* NSLayoutConstraint+MASDebugAdditions.m in Sources */,
				82E7A9552079EE640075C2CC /* ProblemDetailTableViewCell.m in Sources */,
				82E7A91C2079ECB90075C2CC /* main.m in Sources */,
				82E7A90E2079ECB90075C2CC /* AppDelegate.m in Sources */,
			);
			runOnlyForDeploymentPostprocessing = 0;
		};
		82E7A91D2079ECB90075C2CC /* Sources */ = {
			isa = PBXSourcesBuildPhase;
			buildActionMask = 2147483647;
			files = (
				82E7A9262079ECB90075C2CC /* UITableView_AdaptionTests.m in Sources */,
			);
			runOnlyForDeploymentPostprocessing = 0;
		};
		82E7A9282079ECB90075C2CC /* Sources */ = {
			isa = PBXSourcesBuildPhase;
			buildActionMask = 2147483647;
			files = (
				82E7A9312079ECB90075C2CC /* UITableView_AdaptionUITests.m in Sources */,
			);
			runOnlyForDeploymentPostprocessing = 0;
		};
/* End PBXSourcesBuildPhase section */

/* Begin PBXTargetDependency section */
		82E7A9232079ECB90075C2CC /* PBXTargetDependency */ = {
			isa = PBXTargetDependency;
			target = 82E7A9082079ECB90075C2CC /* UITableView-Adaption */;
			targetProxy = 82E7A9222079ECB90075C2CC /* PBXContainerItemProxy */;
		};
		82E7A92E2079ECB90075C2CC /* PBXTargetDependency */ = {
			isa = PBXTargetDependency;
			target = 82E7A9082079ECB90075C2CC /* UITableView-Adaption */;
			targetProxy = 82E7A92D2079ECB90075C2CC /* PBXContainerItemProxy */;
		};
/* End PBXTargetDependency section */

/* Begin PBXVariantGroup section */
		82E7A9122079ECB90075C2CC /* Main.storyboard */ = {
			isa = PBXVariantGroup;
			children = (
				82E7A9132079ECB90075C2CC /* Base */,
			);
			name = Main.storyboard;
			sourceTree = "<group>";
		};
		82E7A9172079ECB90075C2CC /* LaunchScreen.storyboard */ = {
			isa = PBXVariantGroup;
			children = (
				82E7A9182079ECB90075C2CC /* Base */,
			);
			name = LaunchScreen.storyboard;
			sourceTree = "<group>";
		};
/* End PBXVariantGroup section */

/* Begin XCBuildConfiguration section */
		82E7A9332079ECB90075C2CC /* Debug */ = {
			isa = XCBuildConfiguration;
			buildSettings = {
				ALWAYS_SEARCH_USER_PATHS = NO;
				CLANG_ANALYZER_NONNULL = YES;
				CLANG_ANALYZER_NUMBER_OBJECT_CONVERSION = YES_AGGRESSIVE;
				CLANG_CXX_LANGUAGE_STANDARD = "gnu++14";
				CLANG_CXX_LIBRARY = "libc++";
				CLANG_ENABLE_MODULES = YES;
				CLANG_ENABLE_OBJC_ARC = YES;
				CLANG_WARN_BLOCK_CAPTURE_AUTORELEASING = YES;
				CLANG_WARN_BOOL_CONVERSION = YES;
				CLANG_WARN_COMMA = YES;
				CLANG_WARN_CONSTANT_CONVERSION = YES;
				CLANG_WARN_DIRECT_OBJC_ISA_USAGE = YES_ERROR;
				CLANG_WARN_DOCUMENTATION_COMMENTS = YES;
				CLANG_WARN_EMPTY_BODY = YES;
				CLANG_WARN_ENUM_CONVERSION = YES;
				CLANG_WARN_INFINITE_RECURSION = YES;
				CLANG_WARN_INT_CONVERSION = YES;
				CLANG_WARN_NON_LITERAL_NULL_CONVERSION = YES;
				CLANG_WARN_OBJC_LITERAL_CONVERSION = YES;
				CLANG_WARN_OBJC_ROOT_CLASS = YES_ERROR;
				CLANG_WARN_RANGE_LOOP_ANALYSIS = YES;
				CLANG_WARN_STRICT_PROTOTYPES = YES;
				CLANG_WARN_SUSPICIOUS_MOVE = YES;
				CLANG_WARN_UNGUARDED_AVAILABILITY = YES_AGGRESSIVE;
				CLANG_WARN_UNREACHABLE_CODE = YES;
				CLANG_WARN__DUPLICATE_METHOD_MATCH = YES;
				CODE_SIGN_IDENTITY = "iPhone Developer";
				COPY_PHASE_STRIP = NO;
				DEBUG_INFORMATION_FORMAT = dwarf;
				ENABLE_STRICT_OBJC_MSGSEND = YES;
				ENABLE_TESTABILITY = YES;
				GCC_C_LANGUAGE_STANDARD = gnu11;
				GCC_DYNAMIC_NO_PIC = NO;
				GCC_NO_COMMON_BLOCKS = YES;
				GCC_OPTIMIZATION_LEVEL = 0;
				GCC_PREPROCESSOR_DEFINITIONS = (
					"DEBUG=1",
					"$(inherited)",
				);
				GCC_WARN_64_TO_32_BIT_CONVERSION = YES;
				GCC_WARN_ABOUT_RETURN_TYPE = YES_ERROR;
				GCC_WARN_UNDECLARED_SELECTOR = YES;
				GCC_WARN_UNINITIALIZED_AUTOS = YES_AGGRESSIVE;
				GCC_WARN_UNUSED_FUNCTION = YES;
				GCC_WARN_UNUSED_VARIABLE = YES;
				IPHONEOS_DEPLOYMENT_TARGET = 11.2;
				MTL_ENABLE_DEBUG_INFO = YES;
				ONLY_ACTIVE_ARCH = YES;
				SDKROOT = iphoneos;
			};
			name = Debug;
		};
		82E7A9342079ECB90075C2CC /* Release */ = {
			isa = XCBuildConfiguration;
			buildSettings = {
				ALWAYS_SEARCH_USER_PATHS = NO;
				CLANG_ANALYZER_NONNULL = YES;
				CLANG_ANALYZER_NUMBER_OBJECT_CONVERSION = YES_AGGRESSIVE;
				CLANG_CXX_LANGUAGE_STANDARD = "gnu++14";
				CLANG_CXX_LIBRARY = "libc++";
				CLANG_ENABLE_MODULES = YES;
				CLANG_ENABLE_OBJC_ARC = YES;
				CLANG_WARN_BLOCK_CAPTURE_AUTORELEASING = YES;
				CLANG_WARN_BOOL_CONVERSION = YES;
				CLANG_WARN_COMMA = YES;
				CLANG_WARN_CONSTANT_CONVERSION = YES;
				CLANG_WARN_DIRECT_OBJC_ISA_USAGE = YES_ERROR;
				CLANG_WARN_DOCUMENTATION_COMMENTS = YES;
				CLANG_WARN_EMPTY_BODY = YES;
				CLANG_WARN_ENUM_CONVERSION = YES;
				CLANG_WARN_INFINITE_RECURSION = YES;
				CLANG_WARN_INT_CONVERSION = YES;
				CLANG_WARN_NON_LITERAL_NULL_CONVERSION = YES;
				CLANG_WARN_OBJC_LITERAL_CONVERSION = YES;
				CLANG_WARN_OBJC_ROOT_CLASS = YES_ERROR;
				CLANG_WARN_RANGE_LOOP_ANALYSIS = YES;
				CLANG_WARN_STRICT_PROTOTYPES = YES;
				CLANG_WARN_SUSPICIOUS_MOVE = YES;
				CLANG_WARN_UNGUARDED_AVAILABILITY = YES_AGGRESSIVE;
				CLANG_WARN_UNREACHABLE_CODE = YES;
				CLANG_WARN__DUPLICATE_METHOD_MATCH = YES;
				CODE_SIGN_IDENTITY = "iPhone Developer";
				COPY_PHASE_STRIP = NO;
				DEBUG_INFORMATION_FORMAT = "dwarf-with-dsym";
				ENABLE_NS_ASSERTIONS = NO;
				ENABLE_STRICT_OBJC_MSGSEND = YES;
				GCC_C_LANGUAGE_STANDARD = gnu11;
				GCC_NO_COMMON_BLOCKS = YES;
				GCC_WARN_64_TO_32_BIT_CONVERSION = YES;
				GCC_WARN_ABOUT_RETURN_TYPE = YES_ERROR;
				GCC_WARN_UNDECLARED_SELECTOR = YES;
				GCC_WARN_UNINITIALIZED_AUTOS = YES_AGGRESSIVE;
				GCC_WARN_UNUSED_FUNCTION = YES;
				GCC_WARN_UNUSED_VARIABLE = YES;
				IPHONEOS_DEPLOYMENT_TARGET = 11.2;
				MTL_ENABLE_DEBUG_INFO = NO;
				SDKROOT = iphoneos;
				VALIDATE_PRODUCT = YES;
			};
			name = Release;
		};
		82E7A9362079ECB90075C2CC /* Debug */ = {
			isa = XCBuildConfiguration;
			buildSettings = {
				ASSETCATALOG_COMPILER_APPICON_NAME = AppIcon;
				CODE_SIGN_STYLE = Automatic;
				DEVELOPMENT_TEAM = A42WJ3C9J3;
				INFOPLIST_FILE = "UITableView-Adaption/Info.plist";
				IPHONEOS_DEPLOYMENT_TARGET = 8.0;
				LD_RUNPATH_SEARCH_PATHS = "$(inherited) @executable_path/Frameworks";
				PRODUCT_BUNDLE_IDENTIFIER = "com.adaption.tableView.UITableView-Adaption";
				PRODUCT_NAME = "$(TARGET_NAME)";
				TARGETED_DEVICE_FAMILY = "1,2";
			};
			name = Debug;
		};
		82E7A9372079ECB90075C2CC /* Release */ = {
			isa = XCBuildConfiguration;
			buildSettings = {
				ASSETCATALOG_COMPILER_APPICON_NAME = AppIcon;
				CODE_SIGN_STYLE = Automatic;
				DEVELOPMENT_TEAM = A42WJ3C9J3;
				INFOPLIST_FILE = "UITableView-Adaption/Info.plist";
				IPHONEOS_DEPLOYMENT_TARGET = 8.0;
				LD_RUNPATH_SEARCH_PATHS = "$(inherited) @executable_path/Frameworks";
				PRODUCT_BUNDLE_IDENTIFIER = "com.adaption.tableView.UITableView-Adaption";
				PRODUCT_NAME = "$(TARGET_NAME)";
				TARGETED_DEVICE_FAMILY = "1,2";
			};
			name = Release;
		};
		82E7A9392079ECB90075C2CC /* Debug */ = {
			isa = XCBuildConfiguration;
			buildSettings = {
				BUNDLE_LOADER = "$(TEST_HOST)";
				CODE_SIGN_STYLE = Automatic;
				INFOPLIST_FILE = "UITableView-AdaptionTests/Info.plist";
				LD_RUNPATH_SEARCH_PATHS = "$(inherited) @executable_path/Frameworks @loader_path/Frameworks";
				PRODUCT_BUNDLE_IDENTIFIER = "com.adaption.tableView.UITableView-AdaptionTests";
				PRODUCT_NAME = "$(TARGET_NAME)";
				TARGETED_DEVICE_FAMILY = "1,2";
				TEST_HOST = "$(BUILT_PRODUCTS_DIR)/UITableView-Adaption.app/UITableView-Adaption";
			};
			name = Debug;
		};
		82E7A93A2079ECB90075C2CC /* Release */ = {
			isa = XCBuildConfiguration;
			buildSettings = {
				BUNDLE_LOADER = "$(TEST_HOST)";
				CODE_SIGN_STYLE = Automatic;
				INFOPLIST_FILE = "UITableView-AdaptionTests/Info.plist";
				LD_RUNPATH_SEARCH_PATHS = "$(inherited) @executable_path/Frameworks @loader_path/Frameworks";
				PRODUCT_BUNDLE_IDENTIFIER = "com.adaption.tableView.UITableView-AdaptionTests";
				PRODUCT_NAME = "$(TARGET_NAME)";
				TARGETED_DEVICE_FAMILY = "1,2";
				TEST_HOST = "$(BUILT_PRODUCTS_DIR)/UITableView-Adaption.app/UITableView-Adaption";
			};
			name = Release;
		};
		82E7A93C2079ECB90075C2CC /* Debug */ = {
			isa = XCBuildConfiguration;
			buildSettings = {
				CODE_SIGN_STYLE = Automatic;
				INFOPLIST_FILE = "UITableView-AdaptionUITests/Info.plist";
				LD_RUNPATH_SEARCH_PATHS = "$(inherited) @executable_path/Frameworks @loader_path/Frameworks";
				PRODUCT_BUNDLE_IDENTIFIER = "com.adaption.tableView.UITableView-AdaptionUITests";
				PRODUCT_NAME = "$(TARGET_NAME)";
				TARGETED_DEVICE_FAMILY = "1,2";
				TEST_TARGET_NAME = "UITableView-Adaption";
			};
			name = Debug;
		};
		82E7A93D2079ECB90075C2CC /* Release */ = {
			isa = XCBuildConfiguration;
			buildSettings = {
				CODE_SIGN_STYLE = Automatic;
				INFOPLIST_FILE = "UITableView-AdaptionUITests/Info.plist";
				LD_RUNPATH_SEARCH_PATHS = "$(inherited) @executable_path/Frameworks @loader_path/Frameworks";
				PRODUCT_BUNDLE_IDENTIFIER = "com.adaption.tableView.UITableView-AdaptionUITests";
				PRODUCT_NAME = "$(TARGET_NAME)";
				TARGETED_DEVICE_FAMILY = "1,2";
				TEST_TARGET_NAME = "UITableView-Adaption";
			};
			name = Release;
		};
/* End XCBuildConfiguration section */

/* Begin XCConfigurationList section */
		82E7A9042079ECB80075C2CC /* Build configuration list for PBXProject "UITableView-Adaption" */ = {
			isa = XCConfigurationList;
			buildConfigurations = (
				82E7A9332079ECB90075C2CC /* Debug */,
				82E7A9342079ECB90075C2CC /* Release */,
			);
			defaultConfigurationIsVisible = 0;
			defaultConfigurationName = Release;
		};
		82E7A9352079ECB90075C2CC /* Build configuration list for PBXNativeTarget "UITableView-Adaption" */ = {
			isa = XCConfigurationList;
			buildConfigurations = (
				82E7A9362079ECB90075C2CC /* Debug */,
				82E7A9372079ECB90075C2CC /* Release */,
			);
			defaultConfigurationIsVisible = 0;
			defaultConfigurationName = Release;
		};
		82E7A9382079ECB90075C2CC /* Build configuration list for PBXNativeTarget "UITableView-AdaptionTests" */ = {
			isa = XCConfigurationList;
			buildConfigurations = (
				82E7A9392079ECB90075C2CC /* Debug */,
				82E7A93A2079ECB90075C2CC /* Release */,
			);
			defaultConfigurationIsVisible = 0;
			defaultConfigurationName = Release;
		};
		82E7A93B2079ECB90075C2CC /* Build configuration list for PBXNativeTarget "UITableView-AdaptionUITests" */ = {
			isa = XCConfigurationList;
			buildConfigurations = (
				82E7A93C2079ECB90075C2CC /* Debug */,
				82E7A93D2079ECB90075C2CC /* Release */,
			);
			defaultConfigurationIsVisible = 0;
			defaultConfigurationName = Release;
		};
/* End XCConfigurationList section */
	};
	rootObject = 82E7A9012079ECB80075C2CC /* Project object */;
}
